
Microsoft Visual Studio Solution File, Format Version 12.00
# Visual Studio Version 17
VisualStudioVersion = 17.6.33815.320
MinimumVisualStudioVersion = 10.0.40219.1
Project("{FAE04EC0-301F-11D3-BF4B-00C04F79EFBC}") = "Pong", "Pong\Pong.csproj", "{B47250EA-7A54-4BD1-B9CD-E0F12F123876}"
EndProject
Global
	GlobalSection(SolutionConfigurationPlatforms) = preSolution
		Debug|Any CPU = Debug|Any CPU
		Release|Any CPU = Release|Any CPU
	EndGlobalSection
	GlobalSection(ProjectConfigurationPlatforms) = postSolution
		{B47250EA-7A54-4BD1-B9CD-E0F12F123876}.Debug|Any CPU.ActiveCfg = Debug|Any CPU
		{B47250EA-7A54-4BD1-B9CD-E0F12F123876}.Debug|Any CPU.Build.0 = Debug|Any CPU
		{B47250EA-7A54-4BD1-B9CD-E0F12F123876}.Release|Any CPU.ActiveCfg = Release|Any CPU
		{B47250EA-7A54-4BD1-B9CD-E0F12F123876}.Release|Any CPU.Build.0 = Release|Any CPU
	EndGlobalSection
	GlobalSection(SolutionProperties) = preSolution
		HideSolutionNode = FALSE
	EndGlobalSection
	GlobalSection(ExtensibilityGlobals) = postSolution
		SolutionGuid = {7975274D-36D5-4D16-B86F-BAB0A7613B98}
	EndGlobalSection
EndGlobal
